
Microsoft Visual Studio Solution File, Format Version 12.00
# Visual Studio Version 17
VisualStudioVersion = 17.3.32804.467
MinimumVisualStudioVersion = 10.0.40219.1
Project("{9A19103F-16F7-4668-BE54-9A1E7A4F7556}") = "MainService", "MainService\MainService.csproj", "{11E6DA24-F946-40B2-9BA5-CD5CAAFCEA3E}"
EndProject
Project("{2150E333-8FDC-42A3-9474-1A3956D46DE8}") = "Database", "Database", "{EFC4F508-EABF-437A-8793-0C1B15A639D5}"
EndProject
Project("{9A19103F-16F7-4668-BE54-9A1E7A4F7556}") = "DbService", "DbService\DbService.csproj", "{56240EC2-D0FA-4F8C-938C-C46332EDB470}"
EndProject
Project("{E53339B2-1760-4266-BCC7-CA923CBCF16C}") = "docker-compose", "docker-compose.dcproj", "{C8DACE50-79FD-42EA-838D-72774BBA2391}"
EndProject
Project("{2150E333-8FDC-42A3-9474-1A3956D46DE8}") = "Logger", "Logger", "{FC6F89BE-2F8F-4A14-B19C-2BC535CB4F5E}"
EndProject
Project("{9A19103F-16F7-4668-BE54-9A1E7A4F7556}") = "Logger", "Logger\Logger.csproj", "{44E71EF8-5FE4-4F3A-934D-E3BB04250A09}"
EndProject
Project("{9A19103F-16F7-4668-BE54-9A1E7A4F7556}") = "LoggerService", "LoggerService\LoggerService.csproj", "{BC35F0E5-3581-4587-82CB-ECBB567A9389}"
EndProject
Project("{2150E333-8FDC-42A3-9474-1A3956D46DE8}") = "Helpers", "Helpers", "{13B2BB81-9444-4298-BD92-76B91F966F2D}"
EndProject
Project("{9A19103F-16F7-4668-BE54-9A1E7A4F7556}") = "GrpcHelper", "GrpcHelper\GrpcHelper.csproj", "{F4E58584-307F-4FD2-A261-B80EA356CB08}"
EndProject
Project("{2150E333-8FDC-42A3-9474-1A3956D46DE8}") = "Tests", "Tests", "{D90956B5-FFD5-4988-B4E1-C3520EEADEDE}"
EndProject
Project("{9A19103F-16F7-4668-BE54-9A1E7A4F7556}") = "UnitTests", "UnitTests\UnitTests.csproj", "{D0205F0F-F630-49B7-96EB-9E0006BB7F86}"
EndProject
Project("{2150E333-8FDC-42A3-9474-1A3956D46DE8}") = "Services", "Services", "{7950BF40-897B-43F6-9272-A145DA82DC00}"
EndProject
Project("{9A19103F-16F7-4668-BE54-9A1E7A4F7556}") = "RedditService", "RedditService\RedditService.csproj", "{92D290CD-4F75-4330-B96C-E16A740698CF}"
EndProject
Project("{2150E333-8FDC-42A3-9474-1A3956D46DE8}") = "Worker", "Worker", "{8ED2DC8C-A5DD-4962-BF3C-D126BC69453C}"
EndProject
Project("{9A19103F-16F7-4668-BE54-9A1E7A4F7556}") = "Worker", "Worker\Worker.csproj", "{298C7DFA-923A-4551-A20E-B8174DF57170}"
EndProject
Project("{2150E333-8FDC-42A3-9474-1A3956D46DE8}") = "AuthService", "AuthService", "{FBA51386-9104-4B37-856D-AB04632B380E}"
EndProject
Project("{9A19103F-16F7-4668-BE54-9A1E7A4F7556}") = "AuthService", "AuthService\AuthService.csproj", "{ABDC1883-7209-4F0D-A34B-E83B8DF21B01}"
EndProject
Global
	GlobalSection(SolutionConfigurationPlatforms) = preSolution
		Debug|Any CPU = Debug|Any CPU
		Release|Any CPU = Release|Any CPU
	EndGlobalSection
	GlobalSection(ProjectConfigurationPlatforms) = postSolution
		{11E6DA24-F946-40B2-9BA5-CD5CAAFCEA3E}.Debug|Any CPU.ActiveCfg = Debug|Any CPU
		{11E6DA24-F946-40B2-9BA5-CD5CAAFCEA3E}.Debug|Any CPU.Build.0 = Debug|Any CPU
		{11E6DA24-F946-40B2-9BA5-CD5CAAFCEA3E}.Release|Any CPU.ActiveCfg = Release|Any CPU
		{11E6DA24-F946-40B2-9BA5-CD5CAAFCEA3E}.Release|Any CPU.Build.0 = Release|Any CPU
		{56240EC2-D0FA-4F8C-938C-C46332EDB470}.Debug|Any CPU.ActiveCfg = Debug|Any CPU
		{56240EC2-D0FA-4F8C-938C-C46332EDB470}.Debug|Any CPU.Build.0 = Debug|Any CPU
		{56240EC2-D0FA-4F8C-938C-C46332EDB470}.Release|Any CPU.ActiveCfg = Release|Any CPU
		{56240EC2-D0FA-4F8C-938C-C46332EDB470}.Release|Any CPU.Build.0 = Release|Any CPU
		{C8DACE50-79FD-42EA-838D-72774BBA2391}.Debug|Any CPU.ActiveCfg = Debug|Any CPU
		{C8DACE50-79FD-42EA-838D-72774BBA2391}.Release|Any CPU.ActiveCfg = Release|Any CPU
		{C8DACE50-79FD-42EA-838D-72774BBA2391}.Release|Any CPU.Build.0 = Release|Any CPU
		{44E71EF8-5FE4-4F3A-934D-E3BB04250A09}.Debug|Any CPU.ActiveCfg = Debug|Any CPU
		{44E71EF8-5FE4-4F3A-934D-E3BB04250A09}.Debug|Any CPU.Build.0 = Debug|Any CPU
		{44E71EF8-5FE4-4F3A-934D-E3BB04250A09}.Release|Any CPU.ActiveCfg = Release|Any CPU
		{44E71EF8-5FE4-4F3A-934D-E3BB04250A09}.Release|Any CPU.Build.0 = Release|Any CPU
		{BC35F0E5-3581-4587-82CB-ECBB567A9389}.Debug|Any CPU.ActiveCfg = Debug|Any CPU
		{BC35F0E5-3581-4587-82CB-ECBB567A9389}.Debug|Any CPU.Build.0 = Debug|Any CPU
		{BC35F0E5-3581-4587-82CB-ECBB567A9389}.Release|Any CPU.ActiveCfg = Release|Any CPU
		{BC35F0E5-3581-4587-82CB-ECBB567A9389}.Release|Any CPU.Build.0 = Release|Any CPU
		{F4E58584-307F-4FD2-A261-B80EA356CB08}.Debug|Any CPU.ActiveCfg = Debug|Any CPU
		{F4E58584-307F-4FD2-A261-B80EA356CB08}.Debug|Any CPU.Build.0 = Debug|Any CPU
		{F4E58584-307F-4FD2-A261-B80EA356CB08}.Release|Any CPU.ActiveCfg = Release|Any CPU
		{F4E58584-307F-4FD2-A261-B80EA356CB08}.Release|Any CPU.Build.0 = Release|Any CPU
		{D0205F0F-F630-49B7-96EB-9E0006BB7F86}.Debug|Any CPU.ActiveCfg = Debug|Any CPU
		{D0205F0F-F630-49B7-96EB-9E0006BB7F86}.Debug|Any CPU.Build.0 = Debug|Any CPU
		{D0205F0F-F630-49B7-96EB-9E0006BB7F86}.Release|Any CPU.ActiveCfg = Release|Any CPU
		{D0205F0F-F630-49B7-96EB-9E0006BB7F86}.Release|Any CPU.Build.0 = Release|Any CPU
		{92D290CD-4F75-4330-B96C-E16A740698CF}.Debug|Any CPU.ActiveCfg = Debug|Any CPU
		{92D290CD-4F75-4330-B96C-E16A740698CF}.Debug|Any CPU.Build.0 = Debug|Any CPU
		{92D290CD-4F75-4330-B96C-E16A740698CF}.Release|Any CPU.ActiveCfg = Release|Any CPU
		{92D290CD-4F75-4330-B96C-E16A740698CF}.Release|Any CPU.Build.0 = Release|Any CPU
		{298C7DFA-923A-4551-A20E-B8174DF57170}.Debug|Any CPU.ActiveCfg = Debug|Any CPU
		{298C7DFA-923A-4551-A20E-B8174DF57170}.Debug|Any CPU.Build.0 = Debug|Any CPU
		{298C7DFA-923A-4551-A20E-B8174DF57170}.Release|Any CPU.ActiveCfg = Release|Any CPU
		{298C7DFA-923A-4551-A20E-B8174DF57170}.Release|Any CPU.Build.0 = Release|Any CPU
		{ABDC1883-7209-4F0D-A34B-E83B8DF21B01}.Debug|Any CPU.ActiveCfg = Debug|Any CPU
		{ABDC1883-7209-4F0D-A34B-E83B8DF21B01}.Debug|Any CPU.Build.0 = Debug|Any CPU
		{ABDC1883-7209-4F0D-A34B-E83B8DF21B01}.Release|Any CPU.ActiveCfg = Release|Any CPU
		{ABDC1883-7209-4F0D-A34B-E83B8DF21B01}.Release|Any CPU.Build.0 = Release|Any CPU
	EndGlobalSection
	GlobalSection(SolutionProperties) = preSolution
		HideSolutionNode = FALSE
	EndGlobalSection
	GlobalSection(NestedProjects) = preSolution
		{56240EC2-D0FA-4F8C-938C-C46332EDB470} = {EFC4F508-EABF-437A-8793-0C1B15A639D5}
		{44E71EF8-5FE4-4F3A-934D-E3BB04250A09} = {FC6F89BE-2F8F-4A14-B19C-2BC535CB4F5E}
		{BC35F0E5-3581-4587-82CB-ECBB567A9389} = {FC6F89BE-2F8F-4A14-B19C-2BC535CB4F5E}
		{F4E58584-307F-4FD2-A261-B80EA356CB08} = {13B2BB81-9444-4298-BD92-76B91F966F2D}
		{D0205F0F-F630-49B7-96EB-9E0006BB7F86} = {D90956B5-FFD5-4988-B4E1-C3520EEADEDE}
		{92D290CD-4F75-4330-B96C-E16A740698CF} = {7950BF40-897B-43F6-9272-A145DA82DC00}
		{298C7DFA-923A-4551-A20E-B8174DF57170} = {8ED2DC8C-A5DD-4962-BF3C-D126BC69453C}
		{ABDC1883-7209-4F0D-A34B-E83B8DF21B01} = {FBA51386-9104-4B37-856D-AB04632B380E}
	EndGlobalSection
	GlobalSection(ExtensibilityGlobals) = postSolution
		SolutionGuid = {C53FDDA5-F946-40F4-9AC0-5D8EEE41AF2A}
	EndGlobalSection
EndGlobal
